{
  "name": "my.devtools",
  "version": "1.0.0",
  "dependencies": {
    "acorn": {
      "version": "5.4.1",
      "from": "acorn@>=5.2.1 <6.0.0",
      "resolved": "https://registry.npm.taobao.org/acorn/download/acorn-5.4.1.tgz"
    },
    "amdefine": {
      "version": "1.0.1",
      "from": "amdefine@>=0.0.4",
      "resolved": "https://registry.npmjs.org/amdefine/-/amdefine-1.0.1.tgz"
    },
    "asap": {
      "version": "2.0.6",
      "from": "asap@>=2.0.3 <2.1.0",
      "resolved": "http://r.npm.sankuai.com/asap/download/asap-2.0.6.tgz"
    },
    "ast-types": {
      "version": "0.9.6",
      "from": "ast-types@0.9.6",
      "resolved": "http://r.npm.sankuai.com/ast-types/download/ast-types-0.9.6.tgz"
    },
    "balanced-match": {
      "version": "1.0.0",
      "from": "balanced-match@>=1.0.0 <2.0.0",
      "resolved": "http://r.npm.sankuai.com/balanced-match/download/balanced-match-1.0.0.tgz"
    },
    "base62": {
      "version": "1.2.1",
      "from": "base62@>=1.1.0 <2.0.0",
      "resolved": "http://r.npm.sankuai.com/base62/download/base62-1.2.1.tgz"
    },
    "brace-expansion": {
      "version": "1.1.8",
      "from": "brace-expansion@>=1.1.7 <2.0.0",
      "resolved": "http://r.npm.sankuai.com/brace-expansion/download/brace-expansion-1.1.8.tgz"
    },
    "commander": {
      "version": "2.13.0",
      "from": "commander@>=2.5.0 <3.0.0",
      "resolved": "http://r.npm.sankuai.com/commander/download/commander-2.13.0.tgz"
    },
    "commoner": {
      "version": "0.10.8",
      "from": "commoner@>=0.10.1 <0.11.0",
      "resolved": "https://registry.npmjs.org/commoner/-/commoner-0.10.8.tgz"
    },
    "concat-map": {
      "version": "0.0.1",
      "from": "concat-map@0.0.1",
      "resolved": "http://r.npm.sankuai.com/concat-map/download/concat-map-0.0.1.tgz"
    },
    "core-js": {
      "version": "1.2.7",
      "from": "core-js@>=1.0.0 <2.0.0",
      "resolved": "https://registry.npmjs.org/core-js/-/core-js-1.2.7.tgz"
    },
    "defined": {
      "version": "1.0.0",
      "from": "defined@>=1.0.0 <2.0.0",
      "resolved": "http://r.npm.sankuai.com/defined/download/defined-1.0.0.tgz"
    },
    "detective": {
      "version": "4.7.1",
      "from": "detective@>=4.3.1 <5.0.0",
      "resolved": "http://r.npm.sankuai.com/detective/download/detective-4.7.1.tgz"
    },
    "envify": {
      "version": "3.4.1",
      "from": "envify@>=3.0.0 <4.0.0",
      "resolved": "https://registry.npmjs.org/envify/-/envify-3.4.1.tgz"
    },
    "esprima-fb": {
      "version": "15001.1.0-dev-harmony-fb",
      "from": "esprima-fb@>=15001.1.0-dev-harmony-fb <15002.0.0",
      "resolved": "http://r.npm.sankuai.com/esprima-fb/download/esprima-fb-15001.1.0-dev-harmony-fb.tgz"
    },
    "fbjs": {
      "version": "0.6.1",
      "from": "fbjs@>=0.6.1 <0.7.0",
      "resolved": "https://registry.npmjs.org/fbjs/-/fbjs-0.6.1.tgz"
    },
    "glob": {
      "version": "5.0.15",
      "from": "glob@>=5.0.15 <6.0.0",
      "resolved": "http://r.npm.sankuai.com/glob/download/glob-5.0.15.tgz"
    },
    "graceful-fs": {
      "version": "4.1.11",
      "from": "graceful-fs@>=4.1.2 <5.0.0",
      "resolved": "http://r.npm.sankuai.com/graceful-fs/download/graceful-fs-4.1.11.tgz"
    },
    "iconv-lite": {
      "version": "0.4.19",
      "from": "iconv-lite@>=0.4.5 <0.5.0",
      "resolved": "http://r.npm.sankuai.com/iconv-lite/download/iconv-lite-0.4.19.tgz"
    },
    "inflight": {
      "version": "1.0.6",
      "from": "inflight@>=1.0.4 <2.0.0",
      "resolved": "http://r.npm.sankuai.com/inflight/download/inflight-1.0.6.tgz"
    },
    "inherits": {
      "version": "2.0.3",
      "from": "inherits@>=2.0.0 <3.0.0",
      "resolved": "http://r.npm.sankuai.com/inherits/download/inherits-2.0.3.tgz"
    },
    "js-tokens": {
      "version": "3.0.2",
      "from": "js-tokens@>=3.0.0 <4.0.0",
      "resolved": "http://r.npm.sankuai.com/js-tokens/download/js-tokens-3.0.2.tgz"
    },
    "jstransform": {
      "version": "11.0.3",
      "from": "jstransform@>=11.0.3 <12.0.0",
      "resolved": "http://r.npm.sankuai.com/jstransform/download/jstransform-11.0.3.tgz"
    },
    "loose-envify": {
      "version": "1.3.1",
      "from": "loose-envify@>=1.0.0 <2.0.0",
      "resolved": "http://r.npm.sankuai.com/loose-envify/download/loose-envify-1.3.1.tgz"
    },
    "minimatch": {
      "version": "3.0.4",
      "from": "minimatch@>=2.0.0 <3.0.0||>=3.0.0 <4.0.0",
      "resolved": "http://r.npm.sankuai.com/minimatch/download/minimatch-3.0.4.tgz"
    },
    "minimist": {
      "version": "0.0.8",
      "from": "minimist@0.0.8",
      "resolved": "http://r.npm.sankuai.com/minimist/download/minimist-0.0.8.tgz"
    },
    "mkdirp": {
      "version": "0.5.1",
      "from": "mkdirp@>=0.5.0 <0.6.0",
      "resolved": "http://r.npm.sankuai.com/mkdirp/download/mkdirp-0.5.1.tgz"
    },
    "object-assign": {
      "version": "2.1.1",
      "from": "object-assign@>=2.0.0 <3.0.0",
      "resolved": "http://r.npm.sankuai.com/object-assign/download/object-assign-2.1.1.tgz"
    },
    "once": {
      "version": "1.4.0",
      "from": "once@>=1.3.0 <2.0.0",
      "resolved": "http://r.npm.sankuai.com/once/download/once-1.4.0.tgz"
    },
    "path-is-absolute": {
      "version": "1.0.1",
      "from": "path-is-absolute@>=1.0.0 <2.0.0",
      "resolved": "http://r.npm.sankuai.com/path-is-absolute/download/path-is-absolute-1.0.1.tgz"
    },
    "private": {
      "version": "0.1.8",
      "from": "private@>=0.1.6 <0.2.0",
      "resolved": "http://r.npm.sankuai.com/private/download/private-0.1.8.tgz"
    },
    "promise": {
      "version": "7.3.1",
      "from": "promise@>=7.0.3 <8.0.0",
      "resolved": "https://registry.npm.taobao.org/promise/download/promise-7.3.1.tgz"
    },
    "q": {
      "version": "1.5.1",
      "from": "q@>=1.1.2 <2.0.0",
      "resolved": "http://r.npm.sankuai.com/q/download/q-1.5.1.tgz"
    },
    "react": {
      "version": "0.14.9",
      "from": "react@>=0.14.8 <0.15.0",
      "resolved": "http://r.npm.sankuai.com/react/download/react-0.14.9.tgz"
    },
    "recast": {
      "version": "0.11.23",
      "from": "recast@>=0.11.17 <0.12.0",
      "resolved": "http://r.npm.sankuai.com/recast/download/recast-0.11.23.tgz",
      "dependencies": {
        "esprima": {
          "version": "3.1.3",
          "from": "esprima@>=3.1.0 <3.2.0",
          "resolved": "http://r.npm.sankuai.com/esprima/download/esprima-3.1.3.tgz"
        },
        "source-map": {
          "version": "0.5.7",
          "from": "source-map@>=0.5.0 <0.6.0",
          "resolved": "http://r.npm.sankuai.com/source-map/download/source-map-0.5.7.tgz"
        }
      }
    },
    "source-map": {
      "version": "0.4.4",
      "from": "source-map@>=0.4.2 <0.5.0",
      "resolved": "http://r.npm.sankuai.com/source-map/download/source-map-0.4.4.tgz"
    },
    "through": {
      "version": "2.3.8",
      "from": "through@>=2.3.4 <2.4.0",
      "resolved": "http://r.npm.sankuai.com/through/download/through-2.3.8.tgz"
    },
    "ua-parser-js": {
      "version": "0.7.17",
      "from": "ua-parser-js@>=0.7.9 <0.8.0",
      "resolved": "http://r.npm.sankuai.com/ua-parser-js/download/ua-parser-js-0.7.17.tgz"
    },
    "whatwg-fetch": {
      "version": "0.9.0",
      "from": "whatwg-fetch@>=0.9.0 <0.10.0",
      "resolved": "https://registry.npmjs.org/whatwg-fetch/-/whatwg-fetch-0.9.0.tgz"
    },
    "wrappy": {
      "version": "1.0.2",
      "from": "wrappy@>=1.0.0 <2.0.0",
      "resolved": "http://r.npm.sankuai.com/wrappy/download/wrappy-1.0.2.tgz"
    }
  }
}
